
Microsoft Visual Studio Solution File, Format Version 12.00
# Visual Studio 15
VisualStudioVersion = 15.0.28010.2036
MinimumVisualStudioVersion = 10.0.40219.1
Project("{FAE04EC0-301F-11D3-BF4B-00C04F79EFBC}") = "MVC_Using_Angular", "MVC_Using_Angular\MVC_Using_Angular.csproj", "{1ED30FD6-9FB1-45E5-9D49-24FD96E42AE5}"
EndProject
Global
	GlobalSection(SolutionConfigurationPlatforms) = preSolution
		Debug|Any CPU = Debug|Any CPU
		Release|Any CPU = Release|Any CPU
	EndGlobalSection
	GlobalSection(ProjectConfigurationPlatforms) = postSolution
		{1ED30FD6-9FB1-45E5-9D49-24FD96E42AE5}.Debug|Any CPU.ActiveCfg = Debug|Any CPU
		{1ED30FD6-9FB1-45E5-9D49-24FD96E42AE5}.Debug|Any CPU.Build.0 = Debug|Any CPU
		{1ED30FD6-9FB1-45E5-9D49-24FD96E42AE5}.Release|Any CPU.ActiveCfg = Release|Any CPU
		{1ED30FD6-9FB1-45E5-9D49-24FD96E42AE5}.Release|Any CPU.Build.0 = Release|Any CPU
	EndGlobalSection
	GlobalSection(SolutionProperties) = preSolution
		HideSolutionNode = FALSE
	EndGlobalSection
	GlobalSection(ExtensibilityGlobals) = postSolution
		SolutionGuid = {1E4230D8-9F3E-4E6B-A0F8-AF1738E29385}
	EndGlobalSection
EndGlobal
